
Microsoft Visual Studio Solution File, Format Version 12.00
# Visual Studio Version 17
Project("{8BC9CEB8-8B4A-11D0-8D11-00A0C91BC942}") = "ALL_BUILD", "ALL_BUILD.vcxproj", "{388B3B2E-87FF-34EE-8E47-2AAAB1792FA7}"
	ProjectSection(ProjectDependencies) = postProject
		{CF629DEA-7332-3F94-B073-21209C3F6BA5} = {CF629DEA-7332-3F94-B073-21209C3F6BA5}
		{4CE5B4F8-54E5-3B02-8DF6-65A26392D6CC} = {4CE5B4F8-54E5-3B02-8DF6-65A26392D6CC}
	EndProjectSection
EndProject
Project("{8BC9CEB8-8B4A-11D0-8D11-00A0C91BC942}") = "ZERO_CHECK", "ZERO_CHECK.vcxproj", "{CF629DEA-7332-3F94-B073-21209C3F6BA5}"
	ProjectSection(ProjectDependencies) = postProject
	EndProjectSection
EndProject
Project("{8BC9CEB8-8B4A-11D0-8D11-00A0C91BC942}") = "my_program", "my_program.vcxproj", "{4CE5B4F8-54E5-3B02-8DF6-65A26392D6CC}"
	ProjectSection(ProjectDependencies) = postProject
		{CF629DEA-7332-3F94-B073-21209C3F6BA5} = {CF629DEA-7332-3F94-B073-21209C3F6BA5}
	EndProjectSection
EndProject
Global
	GlobalSection(SolutionConfigurationPlatforms) = preSolution
		Debug|x64 = Debug|x64
		Release|x64 = Release|x64
		MinSizeRel|x64 = MinSizeRel|x64
		RelWithDebInfo|x64 = RelWithDebInfo|x64
	EndGlobalSection
	GlobalSection(ProjectConfigurationPlatforms) = postSolution
		{388B3B2E-87FF-34EE-8E47-2AAAB1792FA7}.Debug|x64.ActiveCfg = Debug|x64
		{388B3B2E-87FF-34EE-8E47-2AAAB1792FA7}.Release|x64.ActiveCfg = Release|x64
		{388B3B2E-87FF-34EE-8E47-2AAAB1792FA7}.MinSizeRel|x64.ActiveCfg = MinSizeRel|x64
		{388B3B2E-87FF-34EE-8E47-2AAAB1792FA7}.RelWithDebInfo|x64.ActiveCfg = RelWithDebInfo|x64
		{CF629DEA-7332-3F94-B073-21209C3F6BA5}.Debug|x64.ActiveCfg = Debug|x64
		{CF629DEA-7332-3F94-B073-21209C3F6BA5}.Debug|x64.Build.0 = Debug|x64
		{CF629DEA-7332-3F94-B073-21209C3F6BA5}.Release|x64.ActiveCfg = Release|x64
		{CF629DEA-7332-3F94-B073-21209C3F6BA5}.Release|x64.Build.0 = Release|x64
		{CF629DEA-7332-3F94-B073-21209C3F6BA5}.MinSizeRel|x64.ActiveCfg = MinSizeRel|x64
		{CF629DEA-7332-3F94-B073-21209C3F6BA5}.MinSizeRel|x64.Build.0 = MinSizeRel|x64
		{CF629DEA-7332-3F94-B073-21209C3F6BA5}.RelWithDebInfo|x64.ActiveCfg = RelWithDebInfo|x64
		{CF629DEA-7332-3F94-B073-21209C3F6BA5}.RelWithDebInfo|x64.Build.0 = RelWithDebInfo|x64
		{4CE5B4F8-54E5-3B02-8DF6-65A26392D6CC}.Debug|x64.ActiveCfg = Debug|x64
		{4CE5B4F8-54E5-3B02-8DF6-65A26392D6CC}.Debug|x64.Build.0 = Debug|x64
		{4CE5B4F8-54E5-3B02-8DF6-65A26392D6CC}.Release|x64.ActiveCfg = Release|x64
		{4CE5B4F8-54E5-3B02-8DF6-65A26392D6CC}.Release|x64.Build.0 = Release|x64
		{4CE5B4F8-54E5-3B02-8DF6-65A26392D6CC}.MinSizeRel|x64.ActiveCfg = MinSizeRel|x64
		{4CE5B4F8-54E5-3B02-8DF6-65A26392D6CC}.MinSizeRel|x64.Build.0 = MinSizeRel|x64
		{4CE5B4F8-54E5-3B02-8DF6-65A26392D6CC}.RelWithDebInfo|x64.ActiveCfg = RelWithDebInfo|x64
		{4CE5B4F8-54E5-3B02-8DF6-65A26392D6CC}.RelWithDebInfo|x64.Build.0 = RelWithDebInfo|x64
	EndGlobalSection
	GlobalSection(ExtensibilityGlobals) = postSolution
		SolutionGuid = {75EAF219-923F-3EA8-AADF-8C54966531B8}
	EndGlobalSection
	GlobalSection(ExtensibilityAddIns) = postSolution
	EndGlobalSection
EndGlobal
